
Microsoft Visual Studio Solution File, Format Version 12.00
# Visual Studio Version 17
VisualStudioVersion = 17.9.34622.214
MinimumVisualStudioVersion = 10.0.40219.1
Project("{FAE04EC0-301F-11D3-BF4B-00C04F79EFBC}") = "Vehicles.Database", "Vehicles.Database\Vehicles.Database.csproj", "{B2536E5B-1DFB-457C-83B4-932C7F497C85}"
EndProject
Global
	GlobalSection(SolutionConfigurationPlatforms) = preSolution
		Debug|Any CPU = Debug|Any CPU
		Release|Any CPU = Release|Any CPU
	EndGlobalSection
	GlobalSection(ProjectConfigurationPlatforms) = postSolution
		{B2536E5B-1DFB-457C-83B4-932C7F497C85}.Debug|Any CPU.ActiveCfg = Debug|Any CPU
		{B2536E5B-1DFB-457C-83B4-932C7F497C85}.Debug|Any CPU.Build.0 = Debug|Any CPU
		{B2536E5B-1DFB-457C-83B4-932C7F497C85}.Release|Any CPU.ActiveCfg = Release|Any CPU
		{B2536E5B-1DFB-457C-83B4-932C7F497C85}.Release|Any CPU.Build.0 = Release|Any CPU
	EndGlobalSection
	GlobalSection(SolutionProperties) = preSolution
		HideSolutionNode = FALSE
	EndGlobalSection
	GlobalSection(ExtensibilityGlobals) = postSolution
		SolutionGuid = {191BE493-8414-411D-96E2-6BDAB8F9AD5E}
	EndGlobalSection
EndGlobal
